{
  "name": "egdigitalsolutions",
  "lockfileVersion": 3,
  "requires": true,
  "packages": {
    "": {
      "dependencies": {
        "lucide": "^0.452.0"
      }
    },
    "node_modules/lucide": {
      "version": "0.452.0",
      "resolved": "https://registry.npmjs.org/lucide/-/lucide-0.452.0.tgz",
      "integrity": "sha512-dHk0f6IwjJO2qyEgR8quAaY6Sx819QeZXhs0QtMxRBCnYYXyiI1NhozPucV/78ZX/0O77fsF3GF6itPew8JpKA==",
      "license": "ISC"
    }
  }
}
